
Microsoft Visual Studio Solution File, Format Version 12.00
# Visual Studio 15
VisualStudioVersion = 15.0.28307.757
MinimumVisualStudioVersion = 10.0.40219.1
Project("{FAE04EC0-301F-11D3-BF4B-00C04F79EFBC}") = "ConsoleApp1", "ConsoleApp1\ConsoleApp1.csproj", "{50EBE448-0FA6-4DE9-8431-1B018AA931BB}"
EndProject
Global
	GlobalSection(SolutionConfigurationPlatforms) = preSolution
		Debug|Any CPU = Debug|Any CPU
		Release|Any CPU = Release|Any CPU
	EndGlobalSection
	GlobalSection(ProjectConfigurationPlatforms) = postSolution
		{50EBE448-0FA6-4DE9-8431-1B018AA931BB}.Debug|Any CPU.ActiveCfg = Debug|Any CPU
		{50EBE448-0FA6-4DE9-8431-1B018AA931BB}.Debug|Any CPU.Build.0 = Debug|Any CPU
		{50EBE448-0FA6-4DE9-8431-1B018AA931BB}.Release|Any CPU.ActiveCfg = Release|Any CPU
		{50EBE448-0FA6-4DE9-8431-1B018AA931BB}.Release|Any CPU.Build.0 = Release|Any CPU
	EndGlobalSection
	GlobalSection(SolutionProperties) = preSolution
		HideSolutionNode = FALSE
	EndGlobalSection
	GlobalSection(ExtensibilityGlobals) = postSolution
		SolutionGuid = {E95C433B-E997-4C7A-9161-760705A37014}
	EndGlobalSection
EndGlobal
